
Microsoft Visual Studio Solution File, Format Version 12.00
# Visual Studio Version 16
VisualStudioVersion = 16.0.30002.166
MinimumVisualStudioVersion = 10.0.40219.1
Project("{FAE04EC0-301F-11D3-BF4B-00C04F79EFBC}") = "Lab_5", "Lab_5\Lab_5.csproj", "{8E720069-FC1A-4FC1-9F7E-68DC9233F4C1}"
EndProject
Global
	GlobalSection(SolutionConfigurationPlatforms) = preSolution
		Debug|Any CPU = Debug|Any CPU
		Release|Any CPU = Release|Any CPU
	EndGlobalSection
	GlobalSection(ProjectConfigurationPlatforms) = postSolution
		{8E720069-FC1A-4FC1-9F7E-68DC9233F4C1}.Debug|Any CPU.ActiveCfg = Debug|Any CPU
		{8E720069-FC1A-4FC1-9F7E-68DC9233F4C1}.Debug|Any CPU.Build.0 = Debug|Any CPU
		{8E720069-FC1A-4FC1-9F7E-68DC9233F4C1}.Release|Any CPU.ActiveCfg = Release|Any CPU
		{8E720069-FC1A-4FC1-9F7E-68DC9233F4C1}.Release|Any CPU.Build.0 = Release|Any CPU
	EndGlobalSection
	GlobalSection(SolutionProperties) = preSolution
		HideSolutionNode = FALSE
	EndGlobalSection
	GlobalSection(ExtensibilityGlobals) = postSolution
		SolutionGuid = {970FB46E-FBA5-4916-B830-7284CE792FEA}
	EndGlobalSection
EndGlobal
